
Microsoft Visual Studio Solution File, Format Version 12.00
# Visual Studio Version 17
VisualStudioVersion = 17.10.35027.167
MinimumVisualStudioVersion = 10.0.40219.1
Project("{9A19103F-16F7-4668-BE54-9A1E7A4F7556}") = "Singleton", "Singleton\Singleton.csproj", "{AB2FA1CC-CE33-42FC-9476-C1FC883D2E8F}"
EndProject
Project("{9A19103F-16F7-4668-BE54-9A1E7A4F7556}") = "Composite", "Composite\Composite.csproj", "{55DF7FCC-E1C5-4AA6-8D2E-E87E28EEB7AD}"
EndProject
Project("{9A19103F-16F7-4668-BE54-9A1E7A4F7556}") = "Observer", "Observer\Observer.csproj", "{7683C7F6-A8F6-436B-8188-DABBC61B920F}"
EndProject
Project("{9A19103F-16F7-4668-BE54-9A1E7A4F7556}") = "SingletonTest", "SingletonTest\SingletonTest.csproj", "{B66F7DE1-C8AB-41BC-8A41-B23E7BBE1339}"
EndProject
Project("{9A19103F-16F7-4668-BE54-9A1E7A4F7556}") = "State", "State\State.csproj", "{67976631-2901-43C5-B555-32EA68C4A8CD}"
EndProject
Project("{9A19103F-16F7-4668-BE54-9A1E7A4F7556}") = "Strategy", "Strategy\Strategy.csproj", "{947BBB03-A20C-42F5-90FA-0BF740C0BE0E}"
EndProject
Project("{FAE04EC0-301F-11D3-BF4B-00C04F79EFBC}") = "ChainOfResponsibility", "ChainOfResponsibility\ChainOfResponsibility.csproj", "{038CC072-5DED-466D-9FB3-610B29C7B84B}"
EndProject
Project("{2150E333-8FDC-42A3-9474-1A3956D46DE8}") = "Patterns", "Patterns", "{12506084-0814-4E39-B998-F6F03E3226DC}"
EndProject
Project("{2150E333-8FDC-42A3-9474-1A3956D46DE8}") = "Tests", "Tests", "{6A7C73C4-6DB8-454B-BCB5-8A21CCFCB952}"
EndProject
Global
	GlobalSection(SolutionConfigurationPlatforms) = preSolution
		Debug|Any CPU = Debug|Any CPU
		Release|Any CPU = Release|Any CPU
	EndGlobalSection
	GlobalSection(ProjectConfigurationPlatforms) = postSolution
		{AB2FA1CC-CE33-42FC-9476-C1FC883D2E8F}.Debug|Any CPU.ActiveCfg = Debug|Any CPU
		{AB2FA1CC-CE33-42FC-9476-C1FC883D2E8F}.Debug|Any CPU.Build.0 = Debug|Any CPU
		{AB2FA1CC-CE33-42FC-9476-C1FC883D2E8F}.Release|Any CPU.ActiveCfg = Release|Any CPU
		{AB2FA1CC-CE33-42FC-9476-C1FC883D2E8F}.Release|Any CPU.Build.0 = Release|Any CPU
		{55DF7FCC-E1C5-4AA6-8D2E-E87E28EEB7AD}.Debug|Any CPU.ActiveCfg = Debug|Any CPU
		{55DF7FCC-E1C5-4AA6-8D2E-E87E28EEB7AD}.Debug|Any CPU.Build.0 = Debug|Any CPU
		{55DF7FCC-E1C5-4AA6-8D2E-E87E28EEB7AD}.Release|Any CPU.ActiveCfg = Release|Any CPU
		{55DF7FCC-E1C5-4AA6-8D2E-E87E28EEB7AD}.Release|Any CPU.Build.0 = Release|Any CPU
		{7683C7F6-A8F6-436B-8188-DABBC61B920F}.Debug|Any CPU.ActiveCfg = Debug|Any CPU
		{7683C7F6-A8F6-436B-8188-DABBC61B920F}.Debug|Any CPU.Build.0 = Debug|Any CPU
		{7683C7F6-A8F6-436B-8188-DABBC61B920F}.Release|Any CPU.ActiveCfg = Release|Any CPU
		{7683C7F6-A8F6-436B-8188-DABBC61B920F}.Release|Any CPU.Build.0 = Release|Any CPU
		{B66F7DE1-C8AB-41BC-8A41-B23E7BBE1339}.Debug|Any CPU.ActiveCfg = Debug|Any CPU
		{B66F7DE1-C8AB-41BC-8A41-B23E7BBE1339}.Debug|Any CPU.Build.0 = Debug|Any CPU
		{B66F7DE1-C8AB-41BC-8A41-B23E7BBE1339}.Release|Any CPU.ActiveCfg = Release|Any CPU
		{B66F7DE1-C8AB-41BC-8A41-B23E7BBE1339}.Release|Any CPU.Build.0 = Release|Any CPU
		{67976631-2901-43C5-B555-32EA68C4A8CD}.Debug|Any CPU.ActiveCfg = Debug|Any CPU
		{67976631-2901-43C5-B555-32EA68C4A8CD}.Debug|Any CPU.Build.0 = Debug|Any CPU
		{67976631-2901-43C5-B555-32EA68C4A8CD}.Release|Any CPU.ActiveCfg = Release|Any CPU
		{67976631-2901-43C5-B555-32EA68C4A8CD}.Release|Any CPU.Build.0 = Release|Any CPU
		{947BBB03-A20C-42F5-90FA-0BF740C0BE0E}.Debug|Any CPU.ActiveCfg = Debug|Any CPU
		{947BBB03-A20C-42F5-90FA-0BF740C0BE0E}.Debug|Any CPU.Build.0 = Debug|Any CPU
		{947BBB03-A20C-42F5-90FA-0BF740C0BE0E}.Release|Any CPU.ActiveCfg = Release|Any CPU
		{947BBB03-A20C-42F5-90FA-0BF740C0BE0E}.Release|Any CPU.Build.0 = Release|Any CPU
		{038CC072-5DED-466D-9FB3-610B29C7B84B}.Debug|Any CPU.ActiveCfg = Debug|Any CPU
		{038CC072-5DED-466D-9FB3-610B29C7B84B}.Debug|Any CPU.Build.0 = Debug|Any CPU
		{038CC072-5DED-466D-9FB3-610B29C7B84B}.Release|Any CPU.ActiveCfg = Release|Any CPU
		{038CC072-5DED-466D-9FB3-610B29C7B84B}.Release|Any CPU.Build.0 = Release|Any CPU
	EndGlobalSection
	GlobalSection(SolutionProperties) = preSolution
		HideSolutionNode = FALSE
	EndGlobalSection
	GlobalSection(NestedProjects) = preSolution
		{AB2FA1CC-CE33-42FC-9476-C1FC883D2E8F} = {12506084-0814-4E39-B998-F6F03E3226DC}
		{55DF7FCC-E1C5-4AA6-8D2E-E87E28EEB7AD} = {12506084-0814-4E39-B998-F6F03E3226DC}
		{7683C7F6-A8F6-436B-8188-DABBC61B920F} = {12506084-0814-4E39-B998-F6F03E3226DC}
		{B66F7DE1-C8AB-41BC-8A41-B23E7BBE1339} = {6A7C73C4-6DB8-454B-BCB5-8A21CCFCB952}
		{67976631-2901-43C5-B555-32EA68C4A8CD} = {12506084-0814-4E39-B998-F6F03E3226DC}
		{947BBB03-A20C-42F5-90FA-0BF740C0BE0E} = {12506084-0814-4E39-B998-F6F03E3226DC}
		{038CC072-5DED-466D-9FB3-610B29C7B84B} = {12506084-0814-4E39-B998-F6F03E3226DC}
	EndGlobalSection
	GlobalSection(ExtensibilityGlobals) = postSolution
		SolutionGuid = {0E61E965-707D-4D07-850A-2D840917E7DC}
	EndGlobalSection
EndGlobal
