
Microsoft Visual Studio Solution File, Format Version 12.00
# Visual Studio Version 17
VisualStudioVersion = 17.10.35027.167
MinimumVisualStudioVersion = 10.0.40219.1
Project("{FAE04EC0-301F-11D3-BF4B-00C04F79EFBC}") = "Singleton", "Patterns-and-Tests\Singleton.csproj", "{AB2FA1CC-CE33-42FC-9476-C1FC883D2E8F}"
EndProject
Project("{FAE04EC0-301F-11D3-BF4B-00C04F79EFBC}") = "Composite", "Composite\Composite.csproj", "{55DF7FCC-E1C5-4AA6-8D2E-E87E28EEB7AD}"
EndProject
Project("{FAE04EC0-301F-11D3-BF4B-00C04F79EFBC}") = "Observer", "Observer\Observer.csproj", "{7683C7F6-A8F6-436B-8188-DABBC61B920F}"
EndProject
Global
	GlobalSection(SolutionConfigurationPlatforms) = preSolution
		Debug|Any CPU = Debug|Any CPU
		Release|Any CPU = Release|Any CPU
	EndGlobalSection
	GlobalSection(ProjectConfigurationPlatforms) = postSolution
		{AB2FA1CC-CE33-42FC-9476-C1FC883D2E8F}.Debug|Any CPU.ActiveCfg = Debug|Any CPU
		{AB2FA1CC-CE33-42FC-9476-C1FC883D2E8F}.Debug|Any CPU.Build.0 = Debug|Any CPU
		{AB2FA1CC-CE33-42FC-9476-C1FC883D2E8F}.Release|Any CPU.ActiveCfg = Release|Any CPU
		{AB2FA1CC-CE33-42FC-9476-C1FC883D2E8F}.Release|Any CPU.Build.0 = Release|Any CPU
		{55DF7FCC-E1C5-4AA6-8D2E-E87E28EEB7AD}.Debug|Any CPU.ActiveCfg = Debug|Any CPU
		{55DF7FCC-E1C5-4AA6-8D2E-E87E28EEB7AD}.Debug|Any CPU.Build.0 = Debug|Any CPU
		{55DF7FCC-E1C5-4AA6-8D2E-E87E28EEB7AD}.Release|Any CPU.ActiveCfg = Release|Any CPU
		{55DF7FCC-E1C5-4AA6-8D2E-E87E28EEB7AD}.Release|Any CPU.Build.0 = Release|Any CPU
		{7683C7F6-A8F6-436B-8188-DABBC61B920F}.Debug|Any CPU.ActiveCfg = Debug|Any CPU
		{7683C7F6-A8F6-436B-8188-DABBC61B920F}.Debug|Any CPU.Build.0 = Debug|Any CPU
		{7683C7F6-A8F6-436B-8188-DABBC61B920F}.Release|Any CPU.ActiveCfg = Release|Any CPU
		{7683C7F6-A8F6-436B-8188-DABBC61B920F}.Release|Any CPU.Build.0 = Release|Any CPU
	EndGlobalSection
	GlobalSection(SolutionProperties) = preSolution
		HideSolutionNode = FALSE
	EndGlobalSection
	GlobalSection(ExtensibilityGlobals) = postSolution
		SolutionGuid = {0E61E965-707D-4D07-850A-2D840917E7DC}
	EndGlobalSection
EndGlobal
